
Microsoft Visual Studio Solution File, Format Version 12.00
# Visual Studio 15
Project("{FAE04EC0-301F-11D3-BF4B-00C04F79EFBC}") = "Assembly-CSharp", "Assembly-CSharp.csproj", "{4449AA14-281D-A6CC-D20F-E5089F6E0D17}"
EndProject
Project("{FAE04EC0-301F-11D3-BF4B-00C04F79EFBC}") = "Assembly-CSharp-Editor", "Assembly-CSharp-Editor.csproj", "{808C8AA4-251A-102F-A2CA-1A781EA561C5}"
EndProject
Global
	GlobalSection(SolutionConfigurationPlatforms) = preSolution
		Debug|Any CPU = Debug|Any CPU
		Release|Any CPU = Release|Any CPU
	EndGlobalSection
	GlobalSection(ProjectConfigurationPlatforms) = postSolution
		{4449AA14-281D-A6CC-D20F-E5089F6E0D17}.Debug|Any CPU.ActiveCfg = Debug|Any CPU
		{4449AA14-281D-A6CC-D20F-E5089F6E0D17}.Debug|Any CPU.Build.0 = Debug|Any CPU
		{4449AA14-281D-A6CC-D20F-E5089F6E0D17}.Release|Any CPU.ActiveCfg = Release|Any CPU
		{4449AA14-281D-A6CC-D20F-E5089F6E0D17}.Release|Any CPU.Build.0 = Release|Any CPU
		{808C8AA4-251A-102F-A2CA-1A781EA561C5}.Debug|Any CPU.ActiveCfg = Debug|Any CPU
		{808C8AA4-251A-102F-A2CA-1A781EA561C5}.Debug|Any CPU.Build.0 = Debug|Any CPU
		{808C8AA4-251A-102F-A2CA-1A781EA561C5}.Release|Any CPU.ActiveCfg = Release|Any CPU
		{808C8AA4-251A-102F-A2CA-1A781EA561C5}.Release|Any CPU.Build.0 = Release|Any CPU
	EndGlobalSection
	GlobalSection(SolutionProperties) = preSolution
		HideSolutionNode = FALSE
	EndGlobalSection
EndGlobal
